// !$*UTF8*$!
{
	archiveVersion = 1;
	classes = {
	};
	objectVersion = 55;
	objects = {

/* Begin PBXBuildFile section */
		4F2B92B92891E295007AB7B1 /* Covid_PredictorApp.swift in Sources */ = {isa = PBXBuildFile; fileRef = 4F2B92B82891E295007AB7B1 /* Covid_PredictorApp.swift */; };
		4F2B92BB2891E295007AB7B1 /* ContentView.swift in Sources */ = {isa = PBXBuildFile; fileRef = 4F2B92BA2891E295007AB7B1 /* ContentView.swift */; };
		4F2B92BD2891E296007AB7B1 /* Assets.xcassets in Resources */ = {isa = PBXBuildFile; fileRef = 4F2B92BC2891E296007AB7B1 /* Assets.xcassets */; };
		4F2B92C02891E296007AB7B1 /* Preview Assets.xcassets in Resources */ = {isa = PBXBuildFile; fileRef = 4F2B92BF2891E296007AB7B1 /* Preview Assets.xcassets */; };
		4F2B92C72891E2B4007AB7B1 /* ViewStructs.swift in Sources */ = {isa = PBXBuildFile; fileRef = 4F2B92C62891E2B4007AB7B1 /* ViewStructs.swift */; };
		4F2B92C92891E2C6007AB7B1 /* ImageProcessing.swift in Sources */ = {isa = PBXBuildFile; fileRef = 4F2B92C82891E2C6007AB7B1 /* ImageProcessing.swift */; };
		4F2B92CB2891E2D9007AB7B1 /* ImagePicker.swift in Sources */ = {isa = PBXBuildFile; fileRef = 4F2B92CA2891E2D9007AB7B1 /* ImagePicker.swift */; };
		4F2B92CD2891E2E7007AB7B1 /* HeaderView.swift in Sources */ = {isa = PBXBuildFile; fileRef = 4F2B92CC2891E2E7007AB7B1 /* HeaderView.swift */; };
		4F2B92D02891E361007AB7B1 /* Alamofire in Frameworks */ = {isa = PBXBuildFile; productRef = 4F2B92CF2891E361007AB7B1 /* Alamofire */; };
		4F2B92D32891E3B1007AB7B1 /* SwiftyJSON in Frameworks */ = {isa = PBXBuildFile; productRef = 4F2B92D22891E3B1007AB7B1 /* SwiftyJSON */; };
/* End PBXBuildFile section */

/* Begin PBXFileReference section */
		4F2B92B52891E295007AB7B1 /* Covid-Predictor.app */ = {isa = PBXFileReference; explicitFileType = wrapper.application; includeInIndex = 0; path = "Covid-Predictor.app"; sourceTree = BUILT_PRODUCTS_DIR; };
		4F2B92B82891E295007AB7B1 /* Covid_PredictorApp.swift */ = {isa = PBXFileReference; lastKnownFileType = sourcecode.swift; path = Covid_PredictorApp.swift; sourceTree = "<group>"; };
		4F2B92BA2891E295007AB7B1 /* ContentView.swift */ = {isa = PBXFileReference; lastKnownFileType = sourcecode.swift; path = ContentView.swift; sourceTree = "<group>"; };
		4F2B92BC2891E296007AB7B1 /* Assets.xcassets */ = {isa = PBXFileReference; lastKnownFileType = folder.assetcatalog; path = Assets.xcassets; sourceTree = "<group>"; };
		4F2B92BF2891E296007AB7B1 /* Preview Assets.xcassets */ = {isa = PBXFileReference; lastKnownFileType = folder.assetcatalog; path = "Preview Assets.xcassets"; sourceTree = "<group>"; };
		4F2B92C62891E2B4007AB7B1 /* ViewStructs.swift */ = {isa = PBXFileReference; lastKnownFileType = sourcecode.swift; path = ViewStructs.swift; sourceTree = "<group>"; };
		4F2B92C82891E2C6007AB7B1 /* ImageProcessing.swift */ = {isa = PBXFileReference; lastKnownFileType = sourcecode.swift; path = ImageProcessing.swift; sourceTree = "<group>"; };
		4F2B92CA2891E2D9007AB7B1 /* ImagePicker.swift */ = {isa = PBXFileReference; lastKnownFileType = sourcecode.swift; path = ImagePicker.swift; sourceTree = "<group>"; };
		4F2B92CC2891E2E7007AB7B1 /* HeaderView.swift */ = {isa = PBXFileReference; lastKnownFileType = sourcecode.swift; path = HeaderView.swift; sourceTree = "<group>"; };
/* End PBXFileReference section */

/* Begin PBXFrameworksBuildPhase section */
		4F2B92B22891E295007AB7B1 /* Frameworks */ = {
			isa = PBXFrameworksBuildPhase;
			buildActionMask = 2147483647;
			files = (
				4F2B92D32891E3B1007AB7B1 /* SwiftyJSON in Frameworks */,
				4F2B92D02891E361007AB7B1 /* Alamofire in Frameworks */,
			);
			runOnlyForDeploymentPostprocessing = 0;
		};
/* End PBXFrameworksBuildPhase section */

/* Begin PBXGroup section */
		4F2B92AC2891E295007AB7B1 = {
			isa = PBXGroup;
			children = (
				4F2B92CC2891E2E7007AB7B1 /* HeaderView.swift */,
				4F2B92CA2891E2D9007AB7B1 /* ImagePicker.swift */,
				4F2B92C82891E2C6007AB7B1 /* ImageProcessing.swift */,
				4F2B92C62891E2B4007AB7B1 /* ViewStructs.swift */,
				4F2B92B72891E295007AB7B1 /* Covid-Predictor */,
				4F2B92B62891E295007AB7B1 /* Products */,
			);
			sourceTree = "<group>";
		};
		4F2B92B62891E295007AB7B1 /* Products */ = {
			isa = PBXGroup;
			children = (
				4F2B92B52891E295007AB7B1 /* Covid-Predictor.app */,
			);
			name = Products;
			sourceTree = "<group>";
		};
		4F2B92B72891E295007AB7B1 /* Covid-Predictor */ = {
			isa = PBXGroup;
			children = (
				4F2B92B82891E295007AB7B1 /* Covid_PredictorApp.swift */,
				4F2B92BA2891E295007AB7B1 /* ContentView.swift */,
				4F2B92BC2891E296007AB7B1 /* Assets.xcassets */,
				4F2B92BE2891E296007AB7B1 /* Preview Content */,
			);
			path = "Covid-Predictor";
			sourceTree = "<group>";
		};
		4F2B92BE2891E296007AB7B1 /* Preview Content */ = {
			isa = PBXGroup;
			children = (
				4F2B92BF2891E296007AB7B1 /* Preview Assets.xcassets */,
			);
			path = "Preview Content";
			sourceTree = "<group>";
		};
/* End PBXGroup section */

/* Begin PBXNativeTarget section */
		4F2B92B42891E295007AB7B1 /* Covid-Predictor */ = {
			isa = PBXNativeTarget;
			buildConfigurationList = 4F2B92C32891E296007AB7B1 /* Build configuration list for PBXNativeTarget "Covid-Predictor" */;
			buildPhases = (
				4F2B92B12891E295007AB7B1 /* Sources */,
				4F2B92B22891E295007AB7B1 /* Frameworks */,
				4F2B92B32891E295007AB7B1 /* Resources */,
			);
			buildRules = (
			);
			dependencies = (
			);
			name = "Covid-Predictor";
			packageProductDependencies = (
				4F2B92CF2891E361007AB7B1 /* Alamofire */,
				4F2B92D22891E3B1007AB7B1 /* SwiftyJSON */,
			);
			productName = "Covid-Predictor";
			productReference = 4F2B92B52891E295007AB7B1 /* Covid-Predictor.app */;
			productType = "com.apple.product-type.application";
		};
/* End PBXNativeTarget section */

/* Begin PBXProject section */
		4F2B92AD2891E295007AB7B1 /* Project object */ = {
			isa = PBXProject;
			attributes = {
				BuildIndependentTargetsInParallel = 1;
				LastSwiftUpdateCheck = 1340;
				LastUpgradeCheck = 1340;
				TargetAttributes = {
					4F2B92B42891E295007AB7B1 = {
						CreatedOnToolsVersion = 13.4.1;
					};
				};
			};
			buildConfigurationList = 4F2B92B02891E295007AB7B1 /* Build configuration list for PBXProject "Covid-Predictor" */;
			compatibilityVersion = "Xcode 13.0";
			developmentRegion = en;
			hasScannedForEncodings = 0;
			knownRegions = (
				en,
				Base,
			);
			mainGroup = 4F2B92AC2891E295007AB7B1;
			packageReferences = (
				4F2B92CE2891E361007AB7B1 /* XCRemoteSwiftPackageReference "Alamofire" */,
				4F2B92D12891E3B1007AB7B1 /* XCRemoteSwiftPackageReference "SwiftyJSON" */,
			);
			productRefGroup = 4F2B92B62891E295007AB7B1 /* Products */;
			projectDirPath = "";
			projectRoot = "";
			targets = (
				4F2B92B42891E295007AB7B1 /* Covid-Predictor */,
			);
		};
/* End PBXProject section */

/* Begin PBXResourcesBuildPhase section */
		4F2B92B32891E295007AB7B1 /* Resources */ = {
			isa = PBXResourcesBuildPhase;
			buildActionMask = 2147483647;
			files = (
				4F2B92C02891E296007AB7B1 /* Preview Assets.xcassets in Resources */,
				4F2B92BD2891E296007AB7B1 /* Assets.xcassets in Resources */,
			);
			runOnlyForDeploymentPostprocessing = 0;
		};
/* End PBXResourcesBuildPhase section */

/* Begin PBXSourcesBuildPhase section */
		4F2B92B12891E295007AB7B1 /* Sources */ = {
			isa = PBXSourcesBuildPhase;
			buildActionMask = 2147483647;
			files = (
				4F2B92C92891E2C6007AB7B1 /* ImageProcessing.swift in Sources */,
				4F2B92CD2891E2E7007AB7B1 /* HeaderView.swift in Sources */,
				4F2B92BB2891E295007AB7B1 /* ContentView.swift in Sources */,
				4F2B92CB2891E2D9007AB7B1 /* ImagePicker.swift in Sources */,
				4F2B92C72891E2B4007AB7B1 /* ViewStructs.swift in Sources */,
				4F2B92B92891E295007AB7B1 /* Covid_PredictorApp.swift in Sources */,
			);
			runOnlyForDeploymentPostprocessing = 0;
		};
/* End PBXSourcesBuildPhase section */

/* Begin XCBuildConfiguration section */
		4F2B92C12891E296007AB7B1 /* Debug */ = {
			isa = XCBuildConfiguration;
			buildSettings = {
				ALWAYS_SEARCH_USER_PATHS = NO;
				CLANG_ANALYZER_NONNULL = YES;
				CLANG_ANALYZER_NUMBER_OBJECT_CONVERSION = YES_AGGRESSIVE;
				CLANG_CXX_LANGUAGE_STANDARD = "gnu++17";
				CLANG_ENABLE_MODULES = YES;
				CLANG_ENABLE_OBJC_ARC = YES;
				CLANG_ENABLE_OBJC_WEAK = YES;
				CLANG_WARN_BLOCK_CAPTURE_AUTORELEASING = YES;
				CLANG_WARN_BOOL_CONVERSION = YES;
				CLANG_WARN_COMMA = YES;
				CLANG_WARN_CONSTANT_CONVERSION = YES;
				CLANG_WARN_DEPRECATED_OBJC_IMPLEMENTATIONS = YES;
				CLANG_WARN_DIRECT_OBJC_ISA_USAGE = YES_ERROR;
				CLANG_WARN_DOCUMENTATION_COMMENTS = YES;
				CLANG_WARN_EMPTY_BODY = YES;
				CLANG_WARN_ENUM_CONVERSION = YES;
				CLANG_WARN_INFINITE_RECURSION = YES;
				CLANG_WARN_INT_CONVERSION = YES;
				CLANG_WARN_NON_LITERAL_NULL_CONVERSION = YES;
				CLANG_WARN_OBJC_IMPLICIT_RETAIN_SELF = YES;
				CLANG_WARN_OBJC_LITERAL_CONVERSION = YES;
				CLANG_WARN_OBJC_ROOT_CLASS = YES_ERROR;
				CLANG_WARN_QUOTED_INCLUDE_IN_FRAMEWORK_HEADER = YES;
				CLANG_WARN_RANGE_LOOP_ANALYSIS = YES;
				CLANG_WARN_STRICT_PROTOTYPES = YES;
				CLANG_WARN_SUSPICIOUS_MOVE = YES;
				CLANG_WARN_UNGUARDED_AVAILABILITY = YES_AGGRESSIVE;
				CLANG_WARN_UNREACHABLE_CODE = YES;
				CLANG_WARN__DUPLICATE_METHOD_MATCH = YES;
				COPY_PHASE_STRIP = NO;
				DEBUG_INFORMATION_FORMAT = dwarf;
				ENABLE_STRICT_OBJC_MSGSEND = YES;
				ENABLE_TESTABILITY = YES;
				GCC_C_LANGUAGE_STANDARD = gnu11;
				GCC_DYNAMIC_NO_PIC = NO;
				GCC_NO_COMMON_BLOCKS = YES;
				GCC_OPTIMIZATION_LEVEL = 0;
				GCC_PREPROCESSOR_DEFINITIONS = (
					"DEBUG=1",
					"$(inherited)",
				);
				GCC_WARN_64_TO_32_BIT_CONVERSION = YES;
				GCC_WARN_ABOUT_RETURN_TYPE = YES_ERROR;
				GCC_WARN_UNDECLARED_SELECTOR = YES;
				GCC_WARN_UNINITIALIZED_AUTOS = YES_AGGRESSIVE;
				GCC_WARN_UNUSED_FUNCTION = YES;
				GCC_WARN_UNUSED_VARIABLE = YES;
				IPHONEOS_DEPLOYMENT_TARGET = 15.5;
				MTL_ENABLE_DEBUG_INFO = INCLUDE_SOURCE;
				MTL_FAST_MATH = YES;
				ONLY_ACTIVE_ARCH = YES;
				SDKROOT = iphoneos;
				SWIFT_ACTIVE_COMPILATION_CONDITIONS = DEBUG;
				SWIFT_OPTIMIZATION_LEVEL = "-Onone";
			};
			name = Debug;
		};
		4F2B92C22891E296007AB7B1 /* Release */ = {
			isa = XCBuildConfiguration;
			buildSettings = {
				ALWAYS_SEARCH_USER_PATHS = NO;
				CLANG_ANALYZER_NONNULL = YES;
				CLANG_ANALYZER_NUMBER_OBJECT_CONVERSION = YES_AGGRESSIVE;
				CLANG_CXX_LANGUAGE_STANDARD = "gnu++17";
				CLANG_ENABLE_MODULES = YES;
				CLANG_ENABLE_OBJC_ARC = YES;
				CLANG_ENABLE_OBJC_WEAK = YES;
				CLANG_WARN_BLOCK_CAPTURE_AUTORELEASING = YES;
				CLANG_WARN_BOOL_CONVERSION = YES;
				CLANG_WARN_COMMA = YES;
				CLANG_WARN_CONSTANT_CONVERSION = YES;
				CLANG_WARN_DEPRECATED_OBJC_IMPLEMENTATIONS = YES;
				CLANG_WARN_DIRECT_OBJC_ISA_USAGE = YES_ERROR;
				CLANG_WARN_DOCUMENTATION_COMMENTS = YES;
				CLANG_WARN_EMPTY_BODY = YES;
				CLANG_WARN_ENUM_CONVERSION = YES;
				CLANG_WARN_INFINITE_RECURSION = YES;
				CLANG_WARN_INT_CONVERSION = YES;
				CLANG_WARN_NON_LITERAL_NULL_CONVERSION = YES;
				CLANG_WARN_OBJC_IMPLICIT_RETAIN_SELF = YES;
				CLANG_WARN_OBJC_LITERAL_CONVERSION = YES;
				CLANG_WARN_OBJC_ROOT_CLASS = YES_ERROR;
				CLANG_WARN_QUOTED_INCLUDE_IN_FRAMEWORK_HEADER = YES;
				CLANG_WARN_RANGE_LOOP_ANALYSIS = YES;
				CLANG_WARN_STRICT_PROTOTYPES = YES;
				CLANG_WARN_SUSPICIOUS_MOVE = YES;
				CLANG_WARN_UNGUARDED_AVAILABILITY = YES_AGGRESSIVE;
				CLANG_WARN_UNREACHABLE_CODE = YES;
				CLANG_WARN__DUPLICATE_METHOD_MATCH = YES;
				COPY_PHASE_STRIP = NO;
				DEBUG_INFORMATION_FORMAT = "dwarf-with-dsym";
				ENABLE_NS_ASSERTIONS = NO;
				ENABLE_STRICT_OBJC_MSGSEND = YES;
				GCC_C_LANGUAGE_STANDARD = gnu11;
				GCC_NO_COMMON_BLOCKS = YES;
				GCC_WARN_64_TO_32_BIT_CONVERSION = YES;
				GCC_WARN_ABOUT_RETURN_TYPE = YES_ERROR;
				GCC_WARN_UNDECLARED_SELECTOR = YES;
				GCC_WARN_UNINITIALIZED_AUTOS = YES_AGGRESSIVE;
				GCC_WARN_UNUSED_FUNCTION = YES;
				GCC_WARN_UNUSED_VARIABLE = YES;
				IPHONEOS_DEPLOYMENT_TARGET = 15.5;
				MTL_ENABLE_DEBUG_INFO = NO;
				MTL_FAST_MATH = YES;
				SDKROOT = iphoneos;
				SWIFT_COMPILATION_MODE = wholemodule;
				SWIFT_OPTIMIZATION_LEVEL = "-O";
				VALIDATE_PRODUCT = YES;
			};
			name = Release;
		};
		4F2B92C42891E296007AB7B1 /* Debug */ = {
			isa = XCBuildConfiguration;
			buildSettings = {
				ASSETCATALOG_COMPILER_APPICON_NAME = AppIcon;
				ASSETCATALOG_COMPILER_GLOBAL_ACCENT_COLOR_NAME = AccentColor;
				CODE_SIGN_STYLE = Automatic;
				CURRENT_PROJECT_VERSION = 1;
				DEVELOPMENT_ASSET_PATHS = "\"Covid-Predictor/Preview Content\"";
				DEVELOPMENT_TEAM = DRK79MG3EB;
				ENABLE_PREVIEWS = YES;
				GENERATE_INFOPLIST_FILE = YES;
				INFOPLIST_KEY_NSCameraUsageDescription = "Camera needed to look at COVID test";
				INFOPLIST_KEY_UIApplicationSceneManifest_Generation = YES;
				INFOPLIST_KEY_UIApplicationSupportsIndirectInputEvents = YES;
				INFOPLIST_KEY_UILaunchScreen_Generation = YES;
				INFOPLIST_KEY_UISupportedInterfaceOrientations_iPad = "UIInterfaceOrientationPortrait UIInterfaceOrientationPortraitUpsideDown UIInterfaceOrientationLandscapeLeft UIInterfaceOrientationLandscapeRight";
				INFOPLIST_KEY_UISupportedInterfaceOrientations_iPhone = "UIInterfaceOrientationPortrait UIInterfaceOrientationLandscapeLeft UIInterfaceOrientationLandscapeRight";
				LD_RUNPATH_SEARCH_PATHS = (
					"$(inherited)",
					"@executable_path/Frameworks",
				);
				MARKETING_VERSION = 1.0;
				PRODUCT_BUNDLE_IDENTIFIER = "kumar.rohan.Covid-Predictor";
				PRODUCT_NAME = "$(TARGET_NAME)";
				SWIFT_EMIT_LOC_STRINGS = YES;
				SWIFT_VERSION = 5.0;
				TARGETED_DEVICE_FAMILY = "1,2";
			};
			name = Debug;
		};
		4F2B92C52891E296007AB7B1 /* Release */ = {
			isa = XCBuildConfiguration;
			buildSettings = {
				ASSETCATALOG_COMPILER_APPICON_NAME = AppIcon;
				ASSETCATALOG_COMPILER_GLOBAL_ACCENT_COLOR_NAME = AccentColor;
				CODE_SIGN_STYLE = Automatic;
				CURRENT_PROJECT_VERSION = 1;
				DEVELOPMENT_ASSET_PATHS = "\"Covid-Predictor/Preview Content\"";
				DEVELOPMENT_TEAM = DRK79MG3EB;
				ENABLE_PREVIEWS = YES;
				GENERATE_INFOPLIST_FILE = YES;
				INFOPLIST_KEY_NSCameraUsageDescription = "Camera needed to look at COVID test";
				INFOPLIST_KEY_UIApplicationSceneManifest_Generation = YES;
				INFOPLIST_KEY_UIApplicationSupportsIndirectInputEvents = YES;
				INFOPLIST_KEY_UILaunchScreen_Generation = YES;
				INFOPLIST_KEY_UISupportedInterfaceOrientations_iPad = "UIInterfaceOrientationPortrait UIInterfaceOrientationPortraitUpsideDown UIInterfaceOrientationLandscapeLeft UIInterfaceOrientationLandscapeRight";
				INFOPLIST_KEY_UISupportedInterfaceOrientations_iPhone = "UIInterfaceOrientationPortrait UIInterfaceOrientationLandscapeLeft UIInterfaceOrientationLandscapeRight";
				LD_RUNPATH_SEARCH_PATHS = (
					"$(inherited)",
					"@executable_path/Frameworks",
				);
				MARKETING_VERSION = 1.0;
				PRODUCT_BUNDLE_IDENTIFIER = "kumar.rohan.Covid-Predictor";
				PRODUCT_NAME = "$(TARGET_NAME)";
				SWIFT_EMIT_LOC_STRINGS = YES;
				SWIFT_VERSION = 5.0;
				TARGETED_DEVICE_FAMILY = "1,2";
			};
			name = Release;
		};
/* End XCBuildConfiguration section */

/* Begin XCConfigurationList section */
		4F2B92B02891E295007AB7B1 /* Build configuration list for PBXProject "Covid-Predictor" */ = {
			isa = XCConfigurationList;
			buildConfigurations = (
				4F2B92C12891E296007AB7B1 /* Debug */,
				4F2B92C22891E296007AB7B1 /* Release */,
			);
			defaultConfigurationIsVisible = 0;
			defaultConfigurationName = Release;
		};
		4F2B92C32891E296007AB7B1 /* Build configuration list for PBXNativeTarget "Covid-Predictor" */ = {
			isa = XCConfigurationList;
			buildConfigurations = (
				4F2B92C42891E296007AB7B1 /* Debug */,
				4F2B92C52891E296007AB7B1 /* Release */,
			);
			defaultConfigurationIsVisible = 0;
			defaultConfigurationName = Release;
		};
/* End XCConfigurationList section */

/* Begin XCRemoteSwiftPackageReference section */
		4F2B92CE2891E361007AB7B1 /* XCRemoteSwiftPackageReference "Alamofire" */ = {
			isa = XCRemoteSwiftPackageReference;
			repositoryURL = "https://github.com/Alamofire/Alamofire";
			requirement = {
				kind = upToNextMajorVersion;
				minimumVersion = 5.0.0;
			};
		};
		4F2B92D12891E3B1007AB7B1 /* XCRemoteSwiftPackageReference "SwiftyJSON" */ = {
			isa = XCRemoteSwiftPackageReference;
			repositoryURL = "https://github.com/SwiftyJSON/SwiftyJSON";
			requirement = {
				kind = upToNextMajorVersion;
				minimumVersion = 5.0.0;
			};
		};
/* End XCRemoteSwiftPackageReference section */

/* Begin XCSwiftPackageProductDependency section */
		4F2B92CF2891E361007AB7B1 /* Alamofire */ = {
			isa = XCSwiftPackageProductDependency;
			package = 4F2B92CE2891E361007AB7B1 /* XCRemoteSwiftPackageReference "Alamofire" */;
			productName = Alamofire;
		};
		4F2B92D22891E3B1007AB7B1 /* SwiftyJSON */ = {
			isa = XCSwiftPackageProductDependency;
			package = 4F2B92D12891E3B1007AB7B1 /* XCRemoteSwiftPackageReference "SwiftyJSON" */;
			productName = SwiftyJSON;
		};
/* End XCSwiftPackageProductDependency section */
	};
	rootObject = 4F2B92AD2891E295007AB7B1 /* Project object */;
}
